
Microsoft Visual Studio Solution File, Format Version 12.00
# Visual Studio 15
Project("{FAE04EC0-301F-11D3-BF4B-00C04F79EFBC}") = "LiveShareEditor", "LiveShareEditor.csproj", "{07EA7D2F-58A6-447C-B64E-39B8B9CA60CB}"
EndProject
Global
	GlobalSection(SolutionConfigurationPlatforms) = preSolution
		Debug|Any CPU = Debug|Any CPU
		Release|Any CPU = Release|Any CPU
	EndGlobalSection
	GlobalSection(ProjectConfigurationPlatforms) = postSolution
		{07EA7D2F-58A6-447C-B64E-39B8B9CA60CB}.Debug|Any CPU.ActiveCfg = Debug|Any CPU
		{07EA7D2F-58A6-447C-B64E-39B8B9CA60CB}.Debug|Any CPU.Build.0 = Debug|Any CPU
		{07EA7D2F-58A6-447C-B64E-39B8B9CA60CB}.Release|Any CPU.ActiveCfg = Release|Any CPU
		{07EA7D2F-58A6-447C-B64E-39B8B9CA60CB}.Release|Any CPU.Build.0 = Release|Any CPU
	EndGlobalSection
EndGlobal
